// !$*UTF8*$!
{
	archiveVersion = 1;
	classes = {
	};
	objectVersion = 46;
	objects = {

/* Begin PBXBuildFile section */
		7507ADE115BDA53700B9118C /* NoddyStorage.m in Sources */ = {isa = PBXBuildFile; fileRef = 7507ADE015BDA53700B9118C /* NoddyStorage.m */; };
		7507ADE515BDA55500B9118C /* NoddyWindow.m in Sources */ = {isa = PBXBuildFile; fileRef = 7507ADE415BDA55500B9118C /* NoddyWindow.m */; };
		7507ADE815BDA56800B9118C /* NoddyRecipe.m in Sources */ = {isa = PBXBuildFile; fileRef = 7507ADE715BDA56800B9118C /* NoddyRecipe.m */; };
		750EAA1215B399290036EA4F /* NoddyMixin+NoddyAPI.m in Sources */ = {isa = PBXBuildFile; fileRef = 750EAA1115B399290036EA4F /* NoddyMixin+NoddyAPI.m */; };
		7519910215BF6EB900C7B7D3 /* NoddyWindow.xib in Resources */ = {isa = PBXBuildFile; fileRef = 7519910015BF6EB900C7B7D3 /* NoddyWindow.xib */; };
		7519910515BF6F0A00C7B7D3 /* WebKit.framework in Frameworks */ = {isa = PBXBuildFile; fileRef = 7519910415BF6F0A00C7B7D3 /* WebKit.framework */; };
		7535573A15AC7BC0006AFA43 /* Cocoa.framework in Frameworks */ = {isa = PBXBuildFile; fileRef = 7535573915AC7BC0006AFA43 /* Cocoa.framework */; };
		7535577015AC7C72006AFA43 /* NoddyThread.mm in Sources */ = {isa = PBXBuildFile; fileRef = 7535576F15AC7C6F006AFA43 /* NoddyThread.mm */; };
		7535577115AC7C75006AFA43 /* NoddyIndirectObjects.m in Sources */ = {isa = PBXBuildFile; fileRef = 7535576C15AC7C6F006AFA43 /* NoddyIndirectObjects.m */; };
		7535577215AC7C7A006AFA43 /* NoddyBridge.mm in Sources */ = {isa = PBXBuildFile; fileRef = 7535576915AC7C6F006AFA43 /* NoddyBridge.mm */; };
		7535577315AC7C7D006AFA43 /* NoddyAppDelegate.m in Sources */ = {isa = PBXBuildFile; fileRef = 7535576715AC7C6F006AFA43 /* NoddyAppDelegate.m */; };
		7535577415AC7C80006AFA43 /* main.m in Sources */ = {isa = PBXBuildFile; fileRef = 7535576315AC7C6F006AFA43 /* main.m */; };
		7535577515AC7C87006AFA43 /* Credits.rtf in Resources */ = {isa = PBXBuildFile; fileRef = 7535575D15AC7C6F006AFA43 /* Credits.rtf */; };
		7535577615AC7C87006AFA43 /* InfoPlist.strings in Resources */ = {isa = PBXBuildFile; fileRef = 7535575F15AC7C6F006AFA43 /* InfoPlist.strings */; };
		7535577715AC7C87006AFA43 /* MainMenu.xib in Resources */ = {isa = PBXBuildFile; fileRef = 7535576115AC7C6F006AFA43 /* MainMenu.xib */; };
		7535577915AC7CA9006AFA43 /* chocolat.js in CopyFiles */ = {isa = PBXBuildFile; fileRef = 7535575B15AC7C6F006AFA43 /* chocolat.js */; };
		7535578215AC7CBC006AFA43 /* libchrome_zlib.a in Frameworks */ = {isa = PBXBuildFile; fileRef = 7535577A15AC7CBC006AFA43 /* libchrome_zlib.a */; };
		7535578315AC7CBC006AFA43 /* libhttp_parser.a in Frameworks */ = {isa = PBXBuildFile; fileRef = 7535577B15AC7CBC006AFA43 /* libhttp_parser.a */; };
		7535578415AC7CBC006AFA43 /* libnode.a in Frameworks */ = {isa = PBXBuildFile; fileRef = 7535577C15AC7CBC006AFA43 /* libnode.a */; };
		7535578515AC7CBC006AFA43 /* libopenssl.a in Frameworks */ = {isa = PBXBuildFile; fileRef = 7535577D15AC7CBC006AFA43 /* libopenssl.a */; };
		7535578615AC7CBC006AFA43 /* libuv.a in Frameworks */ = {isa = PBXBuildFile; fileRef = 7535577E15AC7CBC006AFA43 /* libuv.a */; };
		7535578715AC7CBC006AFA43 /* libv8_base.a in Frameworks */ = {isa = PBXBuildFile; fileRef = 7535577F15AC7CBC006AFA43 /* libv8_base.a */; };
		7535578815AC7CBC006AFA43 /* libv8_nosnapshot.a in Frameworks */ = {isa = PBXBuildFile; fileRef = 7535578015AC7CBC006AFA43 /* libv8_nosnapshot.a */; };
		7535578915AC7CBC006AFA43 /* libv8_snapshot.a in Frameworks */ = {isa = PBXBuildFile; fileRef = 7535578115AC7CBC006AFA43 /* libv8_snapshot.a */; };
		7535578F15AC8770006AFA43 /* api.js in CopyFiles */ = {isa = PBXBuildFile; fileRef = 7535578E15AC8770006AFA43 /* api.js */; };
		75419F1315C02EED0050554A /* nodeui_default.css in Resources */ = {isa = PBXBuildFile; fileRef = 75419F1115C02EED0050554A /* nodeui_default.css */; };
		75419F1415C02EED0050554A /* nodeui_default.html in Resources */ = {isa = PBXBuildFile; fileRef = 75419F1215C02EED0050554A /* nodeui_default.html */; };
		75CD4A0915AC8F5600F97D8B /* underscore.js in CopyFiles */ = {isa = PBXBuildFile; fileRef = 75CD4A0615AC8F5600F97D8B /* underscore.js */; };
		75CD4A0A15AC8F5600F97D8B /* underscore.string.js in CopyFiles */ = {isa = PBXBuildFile; fileRef = 75CD4A0715AC8F5600F97D8B /* underscore.string.js */; };
		7C53DDE615BDA7FF00E91E04 /* NSString+Utilities.m in Sources */ = {isa = PBXBuildFile; fileRef = 7C53DDE515BDA7FF00E91E04 /* NSString+Utilities.m */; };
		7CB5D2F915C1C4B700C16058 /* CDEvents.framework in Frameworks */ = {isa = PBXBuildFile; fileRef = 7CB5D2F815C1C4B700C16058 /* CDEvents.framework */; };
		7CB5D2FC15C1C4DB00C16058 /* CDEvents.framework in CopyFiles */ = {isa = PBXBuildFile; fileRef = 7CB5D2F815C1C4B700C16058 /* CDEvents.framework */; };
		7CD8FB0B15BEEEA400F82F4D /* NSArray+Utilities.m in Sources */ = {isa = PBXBuildFile; fileRef = 7CD8FB0A15BEEEA400F82F4D /* NSArray+Utilities.m */; };
		7CEE72DF15AC949100C8C95A /* NoddyController.mm in Sources */ = {isa = PBXBuildFile; fileRef = 7CEE72DE15AC949100C8C95A /* NoddyController.mm */; };
		7CEE72E215AC9D9100C8C95A /* NoddyMixin.mm in Sources */ = {isa = PBXBuildFile; fileRef = 7CEE72E115AC9D9100C8C95A /* NoddyMixin.mm */; };
/* End PBXBuildFile section */

/* Begin PBXCopyFilesBuildPhase section */
		7535577815AC7C93006AFA43 /* CopyFiles */ = {
			isa = PBXCopyFilesBuildPhase;
			buildActionMask = 2147483647;
			dstPath = node;
			dstSubfolderSpec = 12;
			files = (
				7535577915AC7CA9006AFA43 /* chocolat.js in CopyFiles */,
				7535578F15AC8770006AFA43 /* api.js in CopyFiles */,
				75CD4A0915AC8F5600F97D8B /* underscore.js in CopyFiles */,
				75CD4A0A15AC8F5600F97D8B /* underscore.string.js in CopyFiles */,
			);
			runOnlyForDeploymentPostprocessing = 0;
		};
		7CB5D2FB15C1C4D200C16058 /* CopyFiles */ = {
			isa = PBXCopyFilesBuildPhase;
			buildActionMask = 2147483647;
			dstPath = "";
			dstSubfolderSpec = 10;
			files = (
				7CB5D2FC15C1C4DB00C16058 /* CDEvents.framework in CopyFiles */,
			);
			runOnlyForDeploymentPostprocessing = 0;
		};
/* End PBXCopyFilesBuildPhase section */

/* Begin PBXFileReference section */
		7507ADDF15BDA53700B9118C /* NoddyStorage.h */ = {isa = PBXFileReference; fileEncoding = 4; lastKnownFileType = sourcecode.c.h; name = NoddyStorage.h; path = source/NoddyStorage.h; sourceTree = SOURCE_ROOT; };
		7507ADE015BDA53700B9118C /* NoddyStorage.m */ = {isa = PBXFileReference; fileEncoding = 4; lastKnownFileType = sourcecode.c.objc; name = NoddyStorage.m; path = source/NoddyStorage.m; sourceTree = SOURCE_ROOT; };
		7507ADE315BDA55500B9118C /* NoddyWindow.h */ = {isa = PBXFileReference; fileEncoding = 4; lastKnownFileType = sourcecode.c.h; name = NoddyWindow.h; path = source/NoddyWindow.h; sourceTree = SOURCE_ROOT; };
		7507ADE415BDA55500B9118C /* NoddyWindow.m */ = {isa = PBXFileReference; fileEncoding = 4; lastKnownFileType = sourcecode.c.objc; name = NoddyWindow.m; path = source/NoddyWindow.m; sourceTree = SOURCE_ROOT; };
		7507ADE615BDA56800B9118C /* NoddyRecipe.h */ = {isa = PBXFileReference; fileEncoding = 4; lastKnownFileType = sourcecode.c.h; path = NoddyRecipe.h; sourceTree = SOURCE_ROOT; };
		7507ADE715BDA56800B9118C /* NoddyRecipe.m */ = {isa = PBXFileReference; fileEncoding = 4; lastKnownFileType = sourcecode.c.objc; path = NoddyRecipe.m; sourceTree = SOURCE_ROOT; };
		750EAA1015B399290036EA4F /* NoddyMixin+NoddyAPI.h */ = {isa = PBXFileReference; fileEncoding = 4; lastKnownFileType = sourcecode.c.h; name = "NoddyMixin+NoddyAPI.h"; path = "source/NoddyMixin+NoddyAPI.h"; sourceTree = SOURCE_ROOT; };
		750EAA1115B399290036EA4F /* NoddyMixin+NoddyAPI.m */ = {isa = PBXFileReference; fileEncoding = 4; lastKnownFileType = sourcecode.c.objc; name = "NoddyMixin+NoddyAPI.m"; path = "source/NoddyMixin+NoddyAPI.m"; sourceTree = SOURCE_ROOT; };
		750EAA1315B3A96E0036EA4F /* api */ = {isa = PBXFileReference; lastKnownFileType = folder; path = api; sourceTree = "<group>"; };
		7519910115BF6EB900C7B7D3 /* en */ = {isa = PBXFileReference; lastKnownFileType = file.xib; name = en; path = NoddyWindow.xib; sourceTree = "<group>"; };
		7519910415BF6F0A00C7B7D3 /* WebKit.framework */ = {isa = PBXFileReference; lastKnownFileType = wrapper.framework; name = WebKit.framework; path = System/Library/Frameworks/WebKit.framework; sourceTree = SDKROOT; };
		7535573515AC7BC0006AFA43 /* noddy.app */ = {isa = PBXFileReference; explicitFileType = wrapper.application; includeInIndex = 0; path = noddy.app; sourceTree = BUILT_PRODUCTS_DIR; };
		7535573915AC7BC0006AFA43 /* Cocoa.framework */ = {isa = PBXFileReference; lastKnownFileType = wrapper.framework; name = Cocoa.framework; path = System/Library/Frameworks/Cocoa.framework; sourceTree = SDKROOT; };
		7535573C15AC7BC0006AFA43 /* AppKit.framework */ = {isa = PBXFileReference; lastKnownFileType = wrapper.framework; name = AppKit.framework; path = System/Library/Frameworks/AppKit.framework; sourceTree = SDKROOT; };
		7535573D15AC7BC0006AFA43 /* CoreData.framework */ = {isa = PBXFileReference; lastKnownFileType = wrapper.framework; name = CoreData.framework; path = System/Library/Frameworks/CoreData.framework; sourceTree = SDKROOT; };
		7535573E15AC7BC0006AFA43 /* Foundation.framework */ = {isa = PBXFileReference; lastKnownFileType = wrapper.framework; name = Foundation.framework; path = System/Library/Frameworks/Foundation.framework; sourceTree = SDKROOT; };
		7535575B15AC7C6F006AFA43 /* chocolat.js */ = {isa = PBXFileReference; lastKnownFileType = sourcecode.javascript; name = chocolat.js; path = source/chocolat.js; sourceTree = SOURCE_ROOT; };
		7535575E15AC7C6F006AFA43 /* en */ = {isa = PBXFileReference; lastKnownFileType = text.rtf; name = en; path = Credits.rtf; sourceTree = "<group>"; };
		7535576015AC7C6F006AFA43 /* en */ = {isa = PBXFileReference; lastKnownFileType = text.plist.strings; name = en; path = InfoPlist.strings; sourceTree = "<group>"; };
		7535576215AC7C6F006AFA43 /* en */ = {isa = PBXFileReference; lastKnownFileType = file.xib; name = en; path = MainMenu.xib; sourceTree = "<group>"; };
		7535576315AC7C6F006AFA43 /* main.m */ = {isa = PBXFileReference; lastKnownFileType = sourcecode.c.objc; name = main.m; path = source/main.m; sourceTree = SOURCE_ROOT; };
		7535576415AC7C6F006AFA43 /* noddy-Info.plist */ = {isa = PBXFileReference; lastKnownFileType = text.plist.xml; name = "noddy-Info.plist"; path = "source/noddy-Info.plist"; sourceTree = SOURCE_ROOT; };
		7535576515AC7C6F006AFA43 /* noddy-Prefix.pch */ = {isa = PBXFileReference; lastKnownFileType = sourcecode.c.h; name = "noddy-Prefix.pch"; path = "source/noddy-Prefix.pch"; sourceTree = SOURCE_ROOT; };
		7535576615AC7C6F006AFA43 /* NoddyAppDelegate.h */ = {isa = PBXFileReference; lastKnownFileType = sourcecode.c.h; name = NoddyAppDelegate.h; path = source/NoddyAppDelegate.h; sourceTree = SOURCE_ROOT; };
		7535576715AC7C6F006AFA43 /* NoddyAppDelegate.m */ = {isa = PBXFileReference; lastKnownFileType = sourcecode.c.objc; name = NoddyAppDelegate.m; path = source/NoddyAppDelegate.m; sourceTree = SOURCE_ROOT; };
		7535576815AC7C6F006AFA43 /* NoddyBridge.h */ = {isa = PBXFileReference; lastKnownFileType = sourcecode.c.h; name = NoddyBridge.h; path = source/NoddyBridge.h; sourceTree = SOURCE_ROOT; };
		7535576915AC7C6F006AFA43 /* NoddyBridge.mm */ = {isa = PBXFileReference; lastKnownFileType = sourcecode.cpp.objcpp; name = NoddyBridge.mm; path = source/NoddyBridge.mm; sourceTree = SOURCE_ROOT; };
		7535576A15AC7C6F006AFA43 /* NoddyController.h */ = {isa = PBXFileReference; lastKnownFileType = sourcecode.c.h; name = NoddyController.h; path = source/NoddyController.h; sourceTree = SOURCE_ROOT; };
		7535576B15AC7C6F006AFA43 /* NoddyIndirectObjects.h */ = {isa = PBXFileReference; lastKnownFileType = sourcecode.c.h; name = NoddyIndirectObjects.h; path = source/NoddyIndirectObjects.h; sourceTree = SOURCE_ROOT; };
		7535576C15AC7C6F006AFA43 /* NoddyIndirectObjects.m */ = {isa = PBXFileReference; lastKnownFileType = sourcecode.c.objc; name = NoddyIndirectObjects.m; path = source/NoddyIndirectObjects.m; sourceTree = SOURCE_ROOT; };
		7535576D15AC7C6F006AFA43 /* NoddyMixin.h */ = {isa = PBXFileReference; lastKnownFileType = sourcecode.c.h; name = NoddyMixin.h; path = source/NoddyMixin.h; sourceTree = SOURCE_ROOT; };
		7535576E15AC7C6F006AFA43 /* NoddyThread.h */ = {isa = PBXFileReference; lastKnownFileType = sourcecode.c.h; name = NoddyThread.h; path = source/NoddyThread.h; sourceTree = SOURCE_ROOT; };
		7535576F15AC7C6F006AFA43 /* NoddyThread.mm */ = {isa = PBXFileReference; lastKnownFileType = sourcecode.cpp.objcpp; name = NoddyThread.mm; path = source/NoddyThread.mm; sourceTree = SOURCE_ROOT; };
		7535577A15AC7CBC006AFA43 /* libchrome_zlib.a */ = {isa = PBXFileReference; lastKnownFileType = archive.ar; name = libchrome_zlib.a; path = deps/libchrome_zlib.a; sourceTree = SOURCE_ROOT; };
		7535577B15AC7CBC006AFA43 /* libhttp_parser.a */ = {isa = PBXFileReference; lastKnownFileType = archive.ar; name = libhttp_parser.a; path = deps/libhttp_parser.a; sourceTree = SOURCE_ROOT; };
		7535577C15AC7CBC006AFA43 /* libnode.a */ = {isa = PBXFileReference; lastKnownFileType = archive.ar; name = libnode.a; path = deps/libnode.a; sourceTree = SOURCE_ROOT; };
		7535577D15AC7CBC006AFA43 /* libopenssl.a */ = {isa = PBXFileReference; lastKnownFileType = archive.ar; name = libopenssl.a; path = deps/libopenssl.a; sourceTree = SOURCE_ROOT; };
		7535577E15AC7CBC006AFA43 /* libuv.a */ = {isa = PBXFileReference; lastKnownFileType = archive.ar; name = libuv.a; path = deps/libuv.a; sourceTree = SOURCE_ROOT; };
		7535577F15AC7CBC006AFA43 /* libv8_base.a */ = {isa = PBXFileReference; lastKnownFileType = archive.ar; name = libv8_base.a; path = deps/libv8_base.a; sourceTree = SOURCE_ROOT; };
		7535578015AC7CBC006AFA43 /* libv8_nosnapshot.a */ = {isa = PBXFileReference; lastKnownFileType = archive.ar; name = libv8_nosnapshot.a; path = deps/libv8_nosnapshot.a; sourceTree = SOURCE_ROOT; };
		7535578115AC7CBC006AFA43 /* libv8_snapshot.a */ = {isa = PBXFileReference; lastKnownFileType = archive.ar; name = libv8_snapshot.a; path = deps/libv8_snapshot.a; sourceTree = SOURCE_ROOT; };
		7535578E15AC8770006AFA43 /* api.js */ = {isa = PBXFileReference; lastKnownFileType = sourcecode.javascript; name = api.js; path = source/api.js; sourceTree = "<group>"; };
		75419F1115C02EED0050554A /* nodeui_default.css */ = {isa = PBXFileReference; fileEncoding = 4; lastKnownFileType = text.css; name = nodeui_default.css; path = resources/nodeui_default.css; sourceTree = SOURCE_ROOT; };
		75419F1215C02EED0050554A /* nodeui_default.html */ = {isa = PBXFileReference; fileEncoding = 4; lastKnownFileType = text.html; name = nodeui_default.html; path = resources/nodeui_default.html; sourceTree = SOURCE_ROOT; };
		75AA8FBE15BB7C5600F986FC /* main.cpp */ = {isa = PBXFileReference; lastKnownFileType = sourcecode.cpp.cpp; path = main.cpp; sourceTree = "<group>"; };
		75AA8FC015BB7C5600F986FC /* node.1 */ = {isa = PBXFileReference; lastKnownFileType = text.man; path = node.1; sourceTree = "<group>"; };
		75CD4A0515AC8F5600F97D8B /* r.js */ = {isa = PBXFileReference; lastKnownFileType = sourcecode.javascript; name = r.js; path = libraries/r.js; sourceTree = "<group>"; };
		75CD4A0615AC8F5600F97D8B /* underscore.js */ = {isa = PBXFileReference; lastKnownFileType = sourcecode.javascript; name = underscore.js; path = libraries/underscore.js; sourceTree = "<group>"; };
		75CD4A0715AC8F5600F97D8B /* underscore.string.js */ = {isa = PBXFileReference; lastKnownFileType = sourcecode.javascript; name = underscore.string.js; path = libraries/underscore.string.js; sourceTree = "<group>"; };
		7C53DDE415BDA7FF00E91E04 /* NSString+Utilities.h */ = {isa = PBXFileReference; fileEncoding = 4; lastKnownFileType = sourcecode.c.h; name = "NSString+Utilities.h"; path = "source/NSString+Utilities.h"; sourceTree = SOURCE_ROOT; };
		7C53DDE515BDA7FF00E91E04 /* NSString+Utilities.m */ = {isa = PBXFileReference; fileEncoding = 4; lastKnownFileType = sourcecode.c.objc; name = "NSString+Utilities.m"; path = "source/NSString+Utilities.m"; sourceTree = SOURCE_ROOT; };
		7CB5D2F815C1C4B700C16058 /* CDEvents.framework */ = {isa = PBXFileReference; lastKnownFileType = wrapper.framework; name = CDEvents.framework; path = deps/CDEvents.framework; sourceTree = "<group>"; };
		7CD8FB0915BEEEA400F82F4D /* NSArray+Utilities.h */ = {isa = PBXFileReference; fileEncoding = 4; lastKnownFileType = sourcecode.c.h; name = "NSArray+Utilities.h"; path = "source/NSArray+Utilities.h"; sourceTree = SOURCE_ROOT; };
		7CD8FB0A15BEEEA400F82F4D /* NSArray+Utilities.m */ = {isa = PBXFileReference; fileEncoding = 4; lastKnownFileType = sourcecode.c.objc; name = "NSArray+Utilities.m"; path = "source/NSArray+Utilities.m"; sourceTree = SOURCE_ROOT; };
		7CEE72DE15AC949100C8C95A /* NoddyController.mm */ = {isa = PBXFileReference; fileEncoding = 4; lastKnownFileType = sourcecode.cpp.objcpp; name = NoddyController.mm; path = source/NoddyController.mm; sourceTree = SOURCE_ROOT; };
		7CEE72E115AC9D9100C8C95A /* NoddyMixin.mm */ = {isa = PBXFileReference; fileEncoding = 4; lastKnownFileType = sourcecode.cpp.objcpp; name = NoddyMixin.mm; path = source/NoddyMixin.mm; sourceTree = SOURCE_ROOT; };
/* End PBXFileReference section */

/* Begin PBXFrameworksBuildPhase section */
		7535573215AC7BC0006AFA43 /* Frameworks */ = {
			isa = PBXFrameworksBuildPhase;
			buildActionMask = 2147483647;
			files = (
				7519910515BF6F0A00C7B7D3 /* WebKit.framework in Frameworks */,
				7535573A15AC7BC0006AFA43 /* Cocoa.framework in Frameworks */,
				7535578215AC7CBC006AFA43 /* libchrome_zlib.a in Frameworks */,
				7535578315AC7CBC006AFA43 /* libhttp_parser.a in Frameworks */,
				7535578415AC7CBC006AFA43 /* libnode.a in Frameworks */,
				7535578515AC7CBC006AFA43 /* libopenssl.a in Frameworks */,
				7535578615AC7CBC006AFA43 /* libuv.a in Frameworks */,
				7535578715AC7CBC006AFA43 /* libv8_base.a in Frameworks */,
				7535578815AC7CBC006AFA43 /* libv8_nosnapshot.a in Frameworks */,
				7535578915AC7CBC006AFA43 /* libv8_snapshot.a in Frameworks */,
				7CB5D2F915C1C4B700C16058 /* CDEvents.framework in Frameworks */,
			);
			runOnlyForDeploymentPostprocessing = 0;
		};
/* End PBXFrameworksBuildPhase section */

/* Begin PBXGroup section */
		7535572A15AC7BBF006AFA43 = {
			isa = PBXGroup;
			children = (
				75CD4A0515AC8F5600F97D8B /* r.js */,
				75CD4A0615AC8F5600F97D8B /* underscore.js */,
				75CD4A0715AC8F5600F97D8B /* underscore.string.js */,
				7535578E15AC8770006AFA43 /* api.js */,
				750EAA1315B3A96E0036EA4F /* api */,
				7535578B15AC7CDF006AFA43 /* Source */,
				7535578A15AC7CC4006AFA43 /* Libraries */,
				7535573F15AC7BC0006AFA43 /* noddy */,
				75AA8FBD15BB7C5500F986FC /* node */,
				7535573815AC7BC0006AFA43 /* Frameworks */,
				7535573615AC7BC0006AFA43 /* Products */,
			);
			sourceTree = "<group>";
		};
		7535573615AC7BC0006AFA43 /* Products */ = {
			isa = PBXGroup;
			children = (
				7535573515AC7BC0006AFA43 /* noddy.app */,
			);
			name = Products;
			sourceTree = "<group>";
		};
		7535573815AC7BC0006AFA43 /* Frameworks */ = {
			isa = PBXGroup;
			children = (
				7CB5D2F815C1C4B700C16058 /* CDEvents.framework */,
				7519910415BF6F0A00C7B7D3 /* WebKit.framework */,
				7535573915AC7BC0006AFA43 /* Cocoa.framework */,
				7535573B15AC7BC0006AFA43 /* Other Frameworks */,
			);
			name = Frameworks;
			sourceTree = "<group>";
		};
		7535573B15AC7BC0006AFA43 /* Other Frameworks */ = {
			isa = PBXGroup;
			children = (
				7535573C15AC7BC0006AFA43 /* AppKit.framework */,
				7535573D15AC7BC0006AFA43 /* CoreData.framework */,
				7535573E15AC7BC0006AFA43 /* Foundation.framework */,
			);
			name = "Other Frameworks";
			sourceTree = "<group>";
		};
		7535573F15AC7BC0006AFA43 /* noddy */ = {
			isa = PBXGroup;
			children = (
				7535575C15AC7C6F006AFA43 /* en.lproj */,
				7535576315AC7C6F006AFA43 /* main.m */,
				7535576415AC7C6F006AFA43 /* noddy-Info.plist */,
				7535576515AC7C6F006AFA43 /* noddy-Prefix.pch */,
				7535576615AC7C6F006AFA43 /* NoddyAppDelegate.h */,
				7535576715AC7C6F006AFA43 /* NoddyAppDelegate.m */,
				75419F1115C02EED0050554A /* nodeui_default.css */,
				75419F1215C02EED0050554A /* nodeui_default.html */,
			);
			path = noddy;
			sourceTree = "<group>";
		};
		7535575C15AC7C6F006AFA43 /* en.lproj */ = {
			isa = PBXGroup;
			children = (
				7535575D15AC7C6F006AFA43 /* Credits.rtf */,
				7535575F15AC7C6F006AFA43 /* InfoPlist.strings */,
				7535576115AC7C6F006AFA43 /* MainMenu.xib */,
				7519910015BF6EB900C7B7D3 /* NoddyWindow.xib */,
			);
			name = en.lproj;
			path = source/en.lproj;
			sourceTree = SOURCE_ROOT;
		};
		7535578A15AC7CC4006AFA43 /* Libraries */ = {
			isa = PBXGroup;
			children = (
				7535577A15AC7CBC006AFA43 /* libchrome_zlib.a */,
				7535577B15AC7CBC006AFA43 /* libhttp_parser.a */,
				7535577C15AC7CBC006AFA43 /* libnode.a */,
				7535577D15AC7CBC006AFA43 /* libopenssl.a */,
				7535577E15AC7CBC006AFA43 /* libuv.a */,
				7535577F15AC7CBC006AFA43 /* libv8_base.a */,
				7535578015AC7CBC006AFA43 /* libv8_nosnapshot.a */,
				7535578115AC7CBC006AFA43 /* libv8_snapshot.a */,
			);
			name = Libraries;
			path = noddy;
			sourceTree = "<group>";
		};
		7535578B15AC7CDF006AFA43 /* Source */ = {
			isa = PBXGroup;
			children = (
				7535575B15AC7C6F006AFA43 /* chocolat.js */,
				7CD8FB0915BEEEA400F82F4D /* NSArray+Utilities.h */,
				7CD8FB0A15BEEEA400F82F4D /* NSArray+Utilities.m */,
				7C53DDE415BDA7FF00E91E04 /* NSString+Utilities.h */,
				7C53DDE515BDA7FF00E91E04 /* NSString+Utilities.m */,
				7535576815AC7C6F006AFA43 /* NoddyBridge.h */,
				7535576915AC7C6F006AFA43 /* NoddyBridge.mm */,
				7535576A15AC7C6F006AFA43 /* NoddyController.h */,
				7CEE72DE15AC949100C8C95A /* NoddyController.mm */,
				7535576B15AC7C6F006AFA43 /* NoddyIndirectObjects.h */,
				7535576C15AC7C6F006AFA43 /* NoddyIndirectObjects.m */,
				7535576D15AC7C6F006AFA43 /* NoddyMixin.h */,
				7CEE72E115AC9D9100C8C95A /* NoddyMixin.mm */,
				7535576E15AC7C6F006AFA43 /* NoddyThread.h */,
				7535576F15AC7C6F006AFA43 /* NoddyThread.mm */,
				750EAA1015B399290036EA4F /* NoddyMixin+NoddyAPI.h */,
				750EAA1115B399290036EA4F /* NoddyMixin+NoddyAPI.m */,
				7507ADDF15BDA53700B9118C /* NoddyStorage.h */,
				7507ADE015BDA53700B9118C /* NoddyStorage.m */,
				7507ADE315BDA55500B9118C /* NoddyWindow.h */,
				7507ADE415BDA55500B9118C /* NoddyWindow.m */,
				7507ADE615BDA56800B9118C /* NoddyRecipe.h */,
				7507ADE715BDA56800B9118C /* NoddyRecipe.m */,
			);
			name = Source;
			path = noddy;
			sourceTree = "<group>";
		};
		75AA8FBD15BB7C5500F986FC /* node */ = {
			isa = PBXGroup;
			children = (
				75AA8FBE15BB7C5600F986FC /* main.cpp */,
				75AA8FC015BB7C5600F986FC /* node.1 */,
			);
			path = node;
			sourceTree = "<group>";
		};
/* End PBXGroup section */

/* Begin PBXNativeTarget section */
		7535573415AC7BC0006AFA43 /* noddy */ = {
			isa = PBXNativeTarget;
			buildConfigurationList = 7535575315AC7BC1006AFA43 /* Build configuration list for PBXNativeTarget "noddy" */;
			buildPhases = (
				7535578D15AC864B006AFA43 /* ShellScript */,
				7535573115AC7BC0006AFA43 /* Sources */,
				7535573215AC7BC0006AFA43 /* Frameworks */,
				7535573315AC7BC0006AFA43 /* Resources */,
				7535577815AC7C93006AFA43 /* CopyFiles */,
				7CB5D2FB15C1C4D200C16058 /* CopyFiles */,
			);
			buildRules = (
			);
			dependencies = (
			);
			name = noddy;
			productName = noddy;
			productReference = 7535573515AC7BC0006AFA43 /* noddy.app */;
			productType = "com.apple.product-type.application";
		};
/* End PBXNativeTarget section */

/* Begin PBXProject section */
		7535572C15AC7BBF006AFA43 /* Project object */ = {
			isa = PBXProject;
			attributes = {
				CLASSPREFIX = Noddy;
				LastUpgradeCheck = 0430;
			};
			buildConfigurationList = 7535572F15AC7BBF006AFA43 /* Build configuration list for PBXProject "noddy" */;
			compatibilityVersion = "Xcode 3.2";
			developmentRegion = English;
			hasScannedForEncodings = 0;
			knownRegions = (
				en,
			);
			mainGroup = 7535572A15AC7BBF006AFA43;
			productRefGroup = 7535573615AC7BC0006AFA43 /* Products */;
			projectDirPath = "";
			projectRoot = "";
			targets = (
				7535573415AC7BC0006AFA43 /* noddy */,
			);
		};
/* End PBXProject section */

/* Begin PBXResourcesBuildPhase section */
		7535573315AC7BC0006AFA43 /* Resources */ = {
			isa = PBXResourcesBuildPhase;
			buildActionMask = 2147483647;
			files = (
				7535577515AC7C87006AFA43 /* Credits.rtf in Resources */,
				7535577615AC7C87006AFA43 /* InfoPlist.strings in Resources */,
				7535577715AC7C87006AFA43 /* MainMenu.xib in Resources */,
				7519910215BF6EB900C7B7D3 /* NoddyWindow.xib in Resources */,
				75419F1315C02EED0050554A /* nodeui_default.css in Resources */,
				75419F1415C02EED0050554A /* nodeui_default.html in Resources */,
			);
			runOnlyForDeploymentPostprocessing = 0;
		};
/* End PBXResourcesBuildPhase section */

/* Begin PBXShellScriptBuildPhase section */
		7535578D15AC864B006AFA43 /* ShellScript */ = {
			isa = PBXShellScriptBuildPhase;
			buildActionMask = 2147483647;
			files = (
			);
			inputPaths = (
			);
			outputPaths = (
			);
			runOnlyForDeploymentPostprocessing = 0;
			shellPath = /bin/bash;
			shellScript = "cat api/* >source/api.js";
		};
/* End PBXShellScriptBuildPhase section */

/* Begin PBXSourcesBuildPhase section */
		7535573115AC7BC0006AFA43 /* Sources */ = {
			isa = PBXSourcesBuildPhase;
			buildActionMask = 2147483647;
			files = (
				7535577015AC7C72006AFA43 /* NoddyThread.mm in Sources */,
				7535577115AC7C75006AFA43 /* NoddyIndirectObjects.m in Sources */,
				7535577215AC7C7A006AFA43 /* NoddyBridge.mm in Sources */,
				7535577315AC7C7D006AFA43 /* NoddyAppDelegate.m in Sources */,
				7535577415AC7C80006AFA43 /* main.m in Sources */,
				7CEE72DF15AC949100C8C95A /* NoddyController.mm in Sources */,
				7CEE72E215AC9D9100C8C95A /* NoddyMixin.mm in Sources */,
				750EAA1215B399290036EA4F /* NoddyMixin+NoddyAPI.m in Sources */,
				7507ADE115BDA53700B9118C /* NoddyStorage.m in Sources */,
				7507ADE515BDA55500B9118C /* NoddyWindow.m in Sources */,
				7507ADE815BDA56800B9118C /* NoddyRecipe.m in Sources */,
				7C53DDE615BDA7FF00E91E04 /* NSString+Utilities.m in Sources */,
				7CD8FB0B15BEEEA400F82F4D /* NSArray+Utilities.m in Sources */,
			);
			runOnlyForDeploymentPostprocessing = 0;
		};
/* End PBXSourcesBuildPhase section */

/* Begin PBXVariantGroup section */
		7519910015BF6EB900C7B7D3 /* NoddyWindow.xib */ = {
			isa = PBXVariantGroup;
			children = (
				7519910115BF6EB900C7B7D3 /* en */,
			);
			name = NoddyWindow.xib;
			sourceTree = "<group>";
		};
		7535575D15AC7C6F006AFA43 /* Credits.rtf */ = {
			isa = PBXVariantGroup;
			children = (
				7535575E15AC7C6F006AFA43 /* en */,
			);
			name = Credits.rtf;
			sourceTree = "<group>";
		};
		7535575F15AC7C6F006AFA43 /* InfoPlist.strings */ = {
			isa = PBXVariantGroup;
			children = (
				7535576015AC7C6F006AFA43 /* en */,
			);
			name = InfoPlist.strings;
			sourceTree = "<group>";
		};
		7535576115AC7C6F006AFA43 /* MainMenu.xib */ = {
			isa = PBXVariantGroup;
			children = (
				7535576215AC7C6F006AFA43 /* en */,
			);
			name = MainMenu.xib;
			sourceTree = "<group>";
		};
/* End PBXVariantGroup section */

/* Begin XCBuildConfiguration section */
		7535575115AC7BC1006AFA43 /* Debug */ = {
			isa = XCBuildConfiguration;
			buildSettings = {
				ALWAYS_SEARCH_USER_PATHS = NO;
				ARCHS = "$(ARCHS_STANDARD_64_BIT)";
				COPY_PHASE_STRIP = NO;
				DEAD_CODE_STRIPPING = YES;
				GCC_C_LANGUAGE_STANDARD = gnu99;
				GCC_DYNAMIC_NO_PIC = NO;
				GCC_ENABLE_OBJC_EXCEPTIONS = YES;
				GCC_OPTIMIZATION_LEVEL = 0;
				GCC_PREPROCESSOR_DEFINITIONS = (
					"DEBUG=1",
					"$(inherited)",
				);
				GCC_SYMBOLS_PRIVATE_EXTERN = NO;
				GCC_VERSION = com.apple.compilers.llvm.clang.1_0;
				GCC_WARN_64_TO_32_BIT_CONVERSION = YES;
				GCC_WARN_ABOUT_RETURN_TYPE = YES;
				GCC_WARN_UNINITIALIZED_AUTOS = YES;
				GCC_WARN_UNUSED_VARIABLE = YES;
				HEADER_SEARCH_PATHS = (
					"\"$(SRCROOT)/deps/node-headers/src\"",
					"\"$(SRCROOT)/deps/node-headers/deps/v8/include\"",
					"\"$(SRCROOT)/deps/node-headers/deps/uv/include\"",
				);
				LIBRARY_SEARCH_PATHS = (
					"$(inherited)",
					"\"$(SRCROOT)/deps\"",
				);
				MACOSX_DEPLOYMENT_TARGET = 10.7;
				ONLY_ACTIVE_ARCH = YES;
				SDKROOT = macosx;
			};
			name = Debug;
		};
		7535575215AC7BC1006AFA43 /* Release */ = {
			isa = XCBuildConfiguration;
			buildSettings = {
				ALWAYS_SEARCH_USER_PATHS = NO;
				ARCHS = "$(ARCHS_STANDARD_64_BIT)";
				COPY_PHASE_STRIP = YES;
				DEAD_CODE_STRIPPING = YES;
				DEBUG_INFORMATION_FORMAT = "dwarf-with-dsym";
				GCC_C_LANGUAGE_STANDARD = gnu99;
				GCC_ENABLE_OBJC_EXCEPTIONS = YES;
				GCC_VERSION = com.apple.compilers.llvm.clang.1_0;
				GCC_WARN_64_TO_32_BIT_CONVERSION = YES;
				GCC_WARN_ABOUT_RETURN_TYPE = YES;
				GCC_WARN_UNINITIALIZED_AUTOS = YES;
				GCC_WARN_UNUSED_VARIABLE = YES;
				HEADER_SEARCH_PATHS = (
					"\"$(SRCROOT)/deps/node-headers/src\"",
					"\"$(SRCROOT)/deps/node-headers/deps/v8/include\"",
					"\"$(SRCROOT)/deps/node-headers/deps/uv/include\"",
				);
				LIBRARY_SEARCH_PATHS = (
					"$(inherited)",
					"\"$(SRCROOT)/deps\"",
				);
				MACOSX_DEPLOYMENT_TARGET = 10.7;
				SDKROOT = macosx;
			};
			name = Release;
		};
		7535575415AC7BC1006AFA43 /* Debug */ = {
			isa = XCBuildConfiguration;
			buildSettings = {
				FRAMEWORK_SEARCH_PATHS = (
					"$(inherited)",
					"\"$(SRCROOT)/deps\"",
				);
				GCC_ENABLE_OBJC_GC = required;
				GCC_PRECOMPILE_PREFIX_HEADER = YES;
				GCC_PREFIX_HEADER = "source/noddy-Prefix.pch";
				INFOPLIST_FILE = "source/noddy-Info.plist";
				PRODUCT_NAME = "$(TARGET_NAME)";
				WRAPPER_EXTENSION = app;
			};
			name = Debug;
		};
		7535575515AC7BC1006AFA43 /* Release */ = {
			isa = XCBuildConfiguration;
			buildSettings = {
				FRAMEWORK_SEARCH_PATHS = (
					"$(inherited)",
					"\"$(SRCROOT)/deps\"",
				);
				GCC_ENABLE_OBJC_GC = required;
				GCC_PRECOMPILE_PREFIX_HEADER = YES;
				GCC_PREFIX_HEADER = "source/noddy-Prefix.pch";
				INFOPLIST_FILE = "source/noddy-Info.plist";
				PRODUCT_NAME = "$(TARGET_NAME)";
				WRAPPER_EXTENSION = app;
			};
			name = Release;
		};
/* End XCBuildConfiguration section */

/* Begin XCConfigurationList section */
		7535572F15AC7BBF006AFA43 /* Build configuration list for PBXProject "noddy" */ = {
			isa = XCConfigurationList;
			buildConfigurations = (
				7535575115AC7BC1006AFA43 /* Debug */,
				7535575215AC7BC1006AFA43 /* Release */,
			);
			defaultConfigurationIsVisible = 0;
			defaultConfigurationName = Release;
		};
		7535575315AC7BC1006AFA43 /* Build configuration list for PBXNativeTarget "noddy" */ = {
			isa = XCConfigurationList;
			buildConfigurations = (
				7535575415AC7BC1006AFA43 /* Debug */,
				7535575515AC7BC1006AFA43 /* Release */,
			);
			defaultConfigurationIsVisible = 0;
			defaultConfigurationName = Release;
		};
/* End XCConfigurationList section */
	};
	rootObject = 7535572C15AC7BBF006AFA43 /* Project object */;
}
